
Microsoft Visual Studio Solution File, Format Version 11.00
# Visual Studio 2010
Project("{f2a71f9b-5d33-465a-a702-920d77279786}") = "RadioLambda", "RadioLambda.fsproj", "{8BCFB5A7-65DB-476F-9BD6-D19AC2F1F781}"
EndProject
Global
	GlobalSection(SolutionConfigurationPlatforms) = preSolution
		Debug|x86 = Debug|x86
		Release|x86 = Release|x86
	EndGlobalSection
	GlobalSection(ProjectConfigurationPlatforms) = postSolution
		{8BCFB5A7-65DB-476F-9BD6-D19AC2F1F781}.Debug|x86.ActiveCfg = Debug|x86
		{8BCFB5A7-65DB-476F-9BD6-D19AC2F1F781}.Debug|x86.Build.0 = Debug|x86
		{8BCFB5A7-65DB-476F-9BD6-D19AC2F1F781}.Release|x86.ActiveCfg = Release|x86
		{8BCFB5A7-65DB-476F-9BD6-D19AC2F1F781}.Release|x86.Build.0 = Release|x86
	EndGlobalSection
EndGlobal
